// !$*UTF8*$!
{
	archiveVersion = 1;
	classes = {
	};
	objectVersion = 56;
	objects = {

/* Begin PBXBuildFile section */
		16000FA82B810C3200A8458D /* SingleImageViewController.swift in Sources */ = {isa = PBXBuildFile; fileRef = 16000FA72B810C3200A8458D /* SingleImageViewController.swift */; };
		1602D44C2BBF4F8E001C3B64 /* ImagesListService.swift in Sources */ = {isa = PBXBuildFile; fileRef = 1602D44B2BBF4F8E001C3B64 /* ImagesListService.swift */; };
		1602D44F2BBF4FB5001C3B64 /* Photo.swift in Sources */ = {isa = PBXBuildFile; fileRef = 1602D44E2BBF4FB5001C3B64 /* Photo.swift */; };
		1602D4512BBF580C001C3B64 /* PhotoResult.swift in Sources */ = {isa = PBXBuildFile; fileRef = 1602D4502BBF580C001C3B64 /* PhotoResult.swift */; };
		1602D4532BBF6496001C3B64 /* PhotoUrls.swift in Sources */ = {isa = PBXBuildFile; fileRef = 1602D4522BBF6496001C3B64 /* PhotoUrls.swift */; };
		160960F52BB390E8004E4973 /* UIBlockingProgressHUD.swift in Sources */ = {isa = PBXBuildFile; fileRef = 160960F42BB390E8004E4973 /* UIBlockingProgressHUD.swift */; };
		1609F9002BA4DC320022AA13 /* OAuth2Service.swift in Sources */ = {isa = PBXBuildFile; fileRef = 1609F8FF2BA4DC320022AA13 /* OAuth2Service.swift */; };
		1609F9022BA4EBA70022AA13 /* URLSession+data.swift in Sources */ = {isa = PBXBuildFile; fileRef = 1609F9012BA4EBA70022AA13 /* URLSession+data.swift */; };
		1609F9052BA4F00C0022AA13 /* OAuthTokenResponseBody.swift in Sources */ = {isa = PBXBuildFile; fileRef = 1609F9042BA4F00C0022AA13 /* OAuthTokenResponseBody.swift */; };
		161876D22BD5238E00DC5DB5 /* ImagesListTests.swift in Sources */ = {isa = PBXBuildFile; fileRef = 161876D12BD5238E00DC5DB5 /* ImagesListTests.swift */; };
		161876D52BD5249E00DC5DB5 /* ImagesListPresenter.swift in Sources */ = {isa = PBXBuildFile; fileRef = 161876D42BD5249E00DC5DB5 /* ImagesListPresenter.swift */; };
		161876D72BD524BE00DC5DB5 /* ImagesListPresenterProtocol.swift in Sources */ = {isa = PBXBuildFile; fileRef = 161876D62BD524BE00DC5DB5 /* ImagesListPresenterProtocol.swift */; };
		161876D92BD524D800DC5DB5 /* ImagesListViewControllerProtocol.swift in Sources */ = {isa = PBXBuildFile; fileRef = 161876D82BD524D800DC5DB5 /* ImagesListViewControllerProtocol.swift */; };
		161876DC2BD6716000DC5DB5 /* ImagesListPresenterSpy.swift in Sources */ = {isa = PBXBuildFile; fileRef = 161876DB2BD6716000DC5DB5 /* ImagesListPresenterSpy.swift */; };
		161876E02BD6C10300DC5DB5 /* ImagesListViewControllerSpy.swift in Sources */ = {isa = PBXBuildFile; fileRef = 161876DF2BD6C10300DC5DB5 /* ImagesListViewControllerSpy.swift */; };
		161876E22BD6CC5B00DC5DB5 /* ImagesListPresenterStub.swift in Sources */ = {isa = PBXBuildFile; fileRef = 161876E12BD6CC5B00DC5DB5 /* ImagesListPresenterStub.swift */; };
		161876E42BD6E24A00DC5DB5 /* ProfilePresenter.swift in Sources */ = {isa = PBXBuildFile; fileRef = 161876E32BD6E24A00DC5DB5 /* ProfilePresenter.swift */; };
		161876E62BD6E25A00DC5DB5 /* ProfileViewControllerProtocol.swift in Sources */ = {isa = PBXBuildFile; fileRef = 161876E52BD6E25A00DC5DB5 /* ProfileViewControllerProtocol.swift */; };
		161876E82BD6E27900DC5DB5 /* ProfilePresenterProtocol.swift in Sources */ = {isa = PBXBuildFile; fileRef = 161876E72BD6E27900DC5DB5 /* ProfilePresenterProtocol.swift */; };
		1624453E2BB220DB00991134 /* ProgressHUD in Frameworks */ = {isa = PBXBuildFile; productRef = 1624453D2BB220DB00991134 /* ProgressHUD */; };
		1628CA222B80DF4F001F175C /* ProfileViewController.swift in Sources */ = {isa = PBXBuildFile; fileRef = 1628CA212B80DF4F001F175C /* ProfileViewController.swift */; };
		163FC55D2B74ECFF002DA4D6 /* ImagesListCell.swift in Sources */ = {isa = PBXBuildFile; fileRef = 163FC55C2B74ECFF002DA4D6 /* ImagesListCell.swift */; };
		167162FE2BB575BD00D481FB /* ProfileService.swift in Sources */ = {isa = PBXBuildFile; fileRef = 167162FD2BB575BD00D481FB /* ProfileService.swift */; };
		167163002BB575D000D481FB /* ProfileResult.swift in Sources */ = {isa = PBXBuildFile; fileRef = 167162FF2BB575D000D481FB /* ProfileResult.swift */; };
		167163022BB57BF300D481FB /* Profile.swift in Sources */ = {isa = PBXBuildFile; fileRef = 167163012BB57BF300D481FB /* Profile.swift */; };
		1674D1832B9E10870063CBEA /* Constants.swift in Sources */ = {isa = PBXBuildFile; fileRef = 1674D1822B9E10870063CBEA /* Constants.swift */; };
		1674D1852B9E248A0063CBEA /* AuthViewController.swift in Sources */ = {isa = PBXBuildFile; fileRef = 1674D1842B9E248A0063CBEA /* AuthViewController.swift */; };
		1674D1882B9E2C100063CBEA /* WebViewController.swift in Sources */ = {isa = PBXBuildFile; fileRef = 1674D1872B9E2C100063CBEA /* WebViewController.swift */; };
		168056B92BB849DA00075D91 /* Kingfisher in Frameworks */ = {isa = PBXBuildFile; productRef = 168056B82BB849DA00075D91 /* Kingfisher */; };
		168056BC2BB86FE400075D91 /* SwiftKeychainWrapper in Frameworks */ = {isa = PBXBuildFile; productRef = 168056BB2BB86FE400075D91 /* SwiftKeychainWrapper */; };
		168056BE2BB8776100075D91 /* TabBarController.swift in Sources */ = {isa = PBXBuildFile; fileRef = 168056BD2BB8776100075D91 /* TabBarController.swift */; };
		168799822BAB5ECC00154C8A /* SplashViewController.swift in Sources */ = {isa = PBXBuildFile; fileRef = 168799812BAB5ECC00154C8A /* SplashViewController.swift */; };
		168799842BAB84AB00154C8A /* AuthViewControllerDelegate.swift in Sources */ = {isa = PBXBuildFile; fileRef = 168799832BAB84AB00154C8A /* AuthViewControllerDelegate.swift */; };
		1688EAB62BBB18A400F7FD92 /* GradientView.swift in Sources */ = {isa = PBXBuildFile; fileRef = 1688EAB52BBB18A400F7FD92 /* GradientView.swift */; };
		169E80A72B7276C700E4C3E8 /* AppDelegate.swift in Sources */ = {isa = PBXBuildFile; fileRef = 169E80A62B7276C700E4C3E8 /* AppDelegate.swift */; };
		169E80A92B7276C700E4C3E8 /* SceneDelegate.swift in Sources */ = {isa = PBXBuildFile; fileRef = 169E80A82B7276C700E4C3E8 /* SceneDelegate.swift */; };
		169E80AB2B7276C700E4C3E8 /* ImagesListViewController.swift in Sources */ = {isa = PBXBuildFile; fileRef = 169E80AA2B7276C700E4C3E8 /* ImagesListViewController.swift */; };
		169E80B02B7276C900E4C3E8 /* Assets.xcassets in Resources */ = {isa = PBXBuildFile; fileRef = 169E80AF2B7276C900E4C3E8 /* Assets.xcassets */; };
		169E80B32B7276C900E4C3E8 /* LaunchScreen.storyboard in Resources */ = {isa = PBXBuildFile; fileRef = 169E80B12B7276C900E4C3E8 /* LaunchScreen.storyboard */; };
		16A47F642BD2B8A40085D247 /* WebViewControllerProtocol.swift in Sources */ = {isa = PBXBuildFile; fileRef = 16A47F632BD2B8A40085D247 /* WebViewControllerProtocol.swift */; };
		16A47F662BD2B8E00085D247 /* WebViewPresenter.swift in Sources */ = {isa = PBXBuildFile; fileRef = 16A47F652BD2B8E00085D247 /* WebViewPresenter.swift */; };
		16A47F682BD2B90D0085D247 /* WebViewPresenterProtocol.swift in Sources */ = {isa = PBXBuildFile; fileRef = 16A47F672BD2B90D0085D247 /* WebViewPresenterProtocol.swift */; };
		16A47F6B2BD30C930085D247 /* AuthHelper.swift in Sources */ = {isa = PBXBuildFile; fileRef = 16A47F6A2BD30C930085D247 /* AuthHelper.swift */; };
		16A47F6D2BD30CA50085D247 /* AuthHelperProtocol.swift in Sources */ = {isa = PBXBuildFile; fileRef = 16A47F6C2BD30CA50085D247 /* AuthHelperProtocol.swift */; };
		16A47F6F2BD30E910085D247 /* AuthConfiguration.swift in Sources */ = {isa = PBXBuildFile; fileRef = 16A47F6E2BD30E910085D247 /* AuthConfiguration.swift */; };
		16A47F7B2BD45F860085D247 /* WebViewTests.swift in Sources */ = {isa = PBXBuildFile; fileRef = 16A47F7A2BD45F860085D247 /* WebViewTests.swift */; };
		16A47F822BD462DF0085D247 /* WebViewPresenterSpy.swift in Sources */ = {isa = PBXBuildFile; fileRef = 16A47F812BD462DF0085D247 /* WebViewPresenterSpy.swift */; };
		16A47F842BD465F10085D247 /* WebViewControllerSpy.swift in Sources */ = {isa = PBXBuildFile; fileRef = 16A47F832BD465F10085D247 /* WebViewControllerSpy.swift */; };
		16A47F862BD467DB0085D247 /* AuthHelperDummy.swift in Sources */ = {isa = PBXBuildFile; fileRef = 16A47F852BD467DB0085D247 /* AuthHelperDummy.swift */; };
		16A47F8A2BD46D460085D247 /* AuthHelperFake.swift in Sources */ = {isa = PBXBuildFile; fileRef = 16A47F892BD46D460085D247 /* AuthHelperFake.swift */; };
		16A560362BA5059C00AD37C8 /* OAuth2TokenStorage.swift in Sources */ = {isa = PBXBuildFile; fileRef = 16A560352BA5059C00AD37C8 /* OAuth2TokenStorage.swift */; };
		16AC60B92BB6DAA100CD04FA /* ProfileImageService.swift in Sources */ = {isa = PBXBuildFile; fileRef = 16AC60B82BB6DAA100CD04FA /* ProfileImageService.swift */; };
		16AC60BB2BB6DAD200CD04FA /* UserResult.swift in Sources */ = {isa = PBXBuildFile; fileRef = 16AC60BA2BB6DAD100CD04FA /* UserResult.swift */; };
		16AC60BD2BB754AF00CD04FA /* AlertPresenter.swift in Sources */ = {isa = PBXBuildFile; fileRef = 16AC60BC2BB754AF00CD04FA /* AlertPresenter.swift */; };
		16B4CB3D2B9E78C700775EAF /* WebViewControllerDelegate.swift in Sources */ = {isa = PBXBuildFile; fileRef = 16B4CB3C2B9E78C700775EAF /* WebViewControllerDelegate.swift */; };
		16C688AE2BD83D4100DA4D78 /* ProfileTests.swift in Sources */ = {isa = PBXBuildFile; fileRef = 16C688AD2BD83D4100DA4D78 /* ProfileTests.swift */; };
		16C688B12BD83F6000DA4D78 /* ProfileViewControllerSpy.swift in Sources */ = {isa = PBXBuildFile; fileRef = 16C688B02BD83F6000DA4D78 /* ProfileViewControllerSpy.swift */; };
		16C688B32BD8470500DA4D78 /* ProfileImageServiceProtocol.swift in Sources */ = {isa = PBXBuildFile; fileRef = 16C688B22BD8470500DA4D78 /* ProfileImageServiceProtocol.swift */; };
		16C688B52BD8471200DA4D78 /* ProfileServiceProtocol.swift in Sources */ = {isa = PBXBuildFile; fileRef = 16C688B42BD8471200DA4D78 /* ProfileServiceProtocol.swift */; };
		16C688B72BD8472400DA4D78 /* ProfileLogoutServiceProtocol.swift in Sources */ = {isa = PBXBuildFile; fileRef = 16C688B62BD8472400DA4D78 /* ProfileLogoutServiceProtocol.swift */; };
		16C688BA2BD84EEC00DA4D78 /* ProfileImageServiceStub.swift in Sources */ = {isa = PBXBuildFile; fileRef = 16C688B92BD84EEC00DA4D78 /* ProfileImageServiceStub.swift */; };
		16C688BC2BD8502E00DA4D78 /* ProfileServiceStub.swift in Sources */ = {isa = PBXBuildFile; fileRef = 16C688BB2BD8502E00DA4D78 /* ProfileServiceStub.swift */; };
		16C688BF2BD8517100DA4D78 /* ProfileLogoutServiceStub.swift in Sources */ = {isa = PBXBuildFile; fileRef = 16C688BE2BD8517100DA4D78 /* ProfileLogoutServiceStub.swift */; };
		16C688C22BD872F900DA4D78 /* ProfilePresenterSpy.swift in Sources */ = {isa = PBXBuildFile; fileRef = 16C688C12BD872F900DA4D78 /* ProfilePresenterSpy.swift */; };
		16C688CA2BD9332600DA4D78 /* ImageFeedUITests.swift in Sources */ = {isa = PBXBuildFile; fileRef = 16C688C92BD9332600DA4D78 /* ImageFeedUITests.swift */; };
		16C688D32BDA5E9100DA4D78 /* ImagesListServiceProtocol.swift in Sources */ = {isa = PBXBuildFile; fileRef = 16C688D22BDA5E9100DA4D78 /* ImagesListServiceProtocol.swift */; };
		16C688D52BDA60C400DA4D78 /* ImagesListServiceStub.swift in Sources */ = {isa = PBXBuildFile; fileRef = 16C688D42BDA60C400DA4D78 /* ImagesListServiceStub.swift */; };
		16C688D72BDA6A5100DA4D78 /* ImagesListServiceSpy.swift in Sources */ = {isa = PBXBuildFile; fileRef = 16C688D62BDA6A5100DA4D78 /* ImagesListServiceSpy.swift */; };
		16C688DB2BDA739D00DA4D78 /* ImagesListViewControllerFake.swift in Sources */ = {isa = PBXBuildFile; fileRef = 16C688DA2BDA739D00DA4D78 /* ImagesListViewControllerFake.swift */; };
		16E3FA0B2BC44C8400F07E46 /* ImagesListCellDelegate.swift in Sources */ = {isa = PBXBuildFile; fileRef = 16E3FA0A2BC44C8400F07E46 /* ImagesListCellDelegate.swift */; };
		16E3FA0D2BC47DCE00F07E46 /* ProfileLogoutService.swift in Sources */ = {isa = PBXBuildFile; fileRef = 16E3FA0C2BC47DCE00F07E46 /* ProfileLogoutService.swift */; };
/* End PBXBuildFile section */

/* Begin PBXContainerItemProxy section */
		16A47F7C2BD45F860085D247 /* PBXContainerItemProxy */ = {
			isa = PBXContainerItemProxy;
			containerPortal = 169E809B2B7276C700E4C3E8 /* Project object */;
			proxyType = 1;
			remoteGlobalIDString = 169E80A22B7276C700E4C3E8;
			remoteInfo = ImageFeed;
		};
		16C688CD2BD9332600DA4D78 /* PBXContainerItemProxy */ = {
			isa = PBXContainerItemProxy;
			containerPortal = 169E809B2B7276C700E4C3E8 /* Project object */;
			proxyType = 1;
			remoteGlobalIDString = 169E80A22B7276C700E4C3E8;
			remoteInfo = ImageFeed;
		};
/* End PBXContainerItemProxy section */

/* Begin PBXFileReference section */
		16000FA72B810C3200A8458D /* SingleImageViewController.swift */ = {isa = PBXFileReference; lastKnownFileType = sourcecode.swift; path = SingleImageViewController.swift; sourceTree = "<group>"; };
		1602D44B2BBF4F8E001C3B64 /* ImagesListService.swift */ = {isa = PBXFileReference; lastKnownFileType = sourcecode.swift; path = ImagesListService.swift; sourceTree = "<group>"; };
		1602D44E2BBF4FB5001C3B64 /* Photo.swift */ = {isa = PBXFileReference; lastKnownFileType = sourcecode.swift; path = Photo.swift; sourceTree = "<group>"; };
		1602D4502BBF580C001C3B64 /* PhotoResult.swift */ = {isa = PBXFileReference; lastKnownFileType = sourcecode.swift; path = PhotoResult.swift; sourceTree = "<group>"; };
		1602D4522BBF6496001C3B64 /* PhotoUrls.swift */ = {isa = PBXFileReference; lastKnownFileType = sourcecode.swift; path = PhotoUrls.swift; sourceTree = "<group>"; };
		160960F42BB390E8004E4973 /* UIBlockingProgressHUD.swift */ = {isa = PBXFileReference; lastKnownFileType = sourcecode.swift; path = UIBlockingProgressHUD.swift; sourceTree = "<group>"; };
		1609F8FF2BA4DC320022AA13 /* OAuth2Service.swift */ = {isa = PBXFileReference; lastKnownFileType = sourcecode.swift; path = OAuth2Service.swift; sourceTree = "<group>"; };
		1609F9012BA4EBA70022AA13 /* URLSession+data.swift */ = {isa = PBXFileReference; lastKnownFileType = sourcecode.swift; path = "URLSession+data.swift"; sourceTree = "<group>"; };
		1609F9042BA4F00C0022AA13 /* OAuthTokenResponseBody.swift */ = {isa = PBXFileReference; lastKnownFileType = sourcecode.swift; path = OAuthTokenResponseBody.swift; sourceTree = "<group>"; };
		161876D12BD5238E00DC5DB5 /* ImagesListTests.swift */ = {isa = PBXFileReference; lastKnownFileType = sourcecode.swift; path = ImagesListTests.swift; sourceTree = "<group>"; };
		161876D42BD5249E00DC5DB5 /* ImagesListPresenter.swift */ = {isa = PBXFileReference; lastKnownFileType = sourcecode.swift; path = ImagesListPresenter.swift; sourceTree = "<group>"; };
		161876D62BD524BE00DC5DB5 /* ImagesListPresenterProtocol.swift */ = {isa = PBXFileReference; lastKnownFileType = sourcecode.swift; path = ImagesListPresenterProtocol.swift; sourceTree = "<group>"; };
		161876D82BD524D800DC5DB5 /* ImagesListViewControllerProtocol.swift */ = {isa = PBXFileReference; lastKnownFileType = sourcecode.swift; path = ImagesListViewControllerProtocol.swift; sourceTree = "<group>"; };
		161876DB2BD6716000DC5DB5 /* ImagesListPresenterSpy.swift */ = {isa = PBXFileReference; lastKnownFileType = sourcecode.swift; path = ImagesListPresenterSpy.swift; sourceTree = "<group>"; };
		161876DF2BD6C10300DC5DB5 /* ImagesListViewControllerSpy.swift */ = {isa = PBXFileReference; lastKnownFileType = sourcecode.swift; path = ImagesListViewControllerSpy.swift; sourceTree = "<group>"; };
		161876E12BD6CC5B00DC5DB5 /* ImagesListPresenterStub.swift */ = {isa = PBXFileReference; lastKnownFileType = sourcecode.swift; path = ImagesListPresenterStub.swift; sourceTree = "<group>"; };
		161876E32BD6E24A00DC5DB5 /* ProfilePresenter.swift */ = {isa = PBXFileReference; lastKnownFileType = sourcecode.swift; path = ProfilePresenter.swift; sourceTree = "<group>"; };
		161876E52BD6E25A00DC5DB5 /* ProfileViewControllerProtocol.swift */ = {isa = PBXFileReference; lastKnownFileType = sourcecode.swift; path = ProfileViewControllerProtocol.swift; sourceTree = "<group>"; };
		161876E72BD6E27900DC5DB5 /* ProfilePresenterProtocol.swift */ = {isa = PBXFileReference; lastKnownFileType = sourcecode.swift; path = ProfilePresenterProtocol.swift; sourceTree = "<group>"; };
		1628CA212B80DF4F001F175C /* ProfileViewController.swift */ = {isa = PBXFileReference; lastKnownFileType = sourcecode.swift; path = ProfileViewController.swift; sourceTree = "<group>"; };
		163FC55C2B74ECFF002DA4D6 /* ImagesListCell.swift */ = {isa = PBXFileReference; lastKnownFileType = sourcecode.swift; path = ImagesListCell.swift; sourceTree = "<group>"; };
		167162FD2BB575BD00D481FB /* ProfileService.swift */ = {isa = PBXFileReference; lastKnownFileType = sourcecode.swift; path = ProfileService.swift; sourceTree = "<group>"; };
		167162FF2BB575D000D481FB /* ProfileResult.swift */ = {isa = PBXFileReference; lastKnownFileType = sourcecode.swift; path = ProfileResult.swift; sourceTree = "<group>"; };
		167163012BB57BF300D481FB /* Profile.swift */ = {isa = PBXFileReference; lastKnownFileType = sourcecode.swift; path = Profile.swift; sourceTree = "<group>"; };
		1674D1822B9E10870063CBEA /* Constants.swift */ = {isa = PBXFileReference; lastKnownFileType = sourcecode.swift; path = Constants.swift; sourceTree = "<group>"; };
		1674D1842B9E248A0063CBEA /* AuthViewController.swift */ = {isa = PBXFileReference; lastKnownFileType = sourcecode.swift; path = AuthViewController.swift; sourceTree = "<group>"; };
		1674D1872B9E2C100063CBEA /* WebViewController.swift */ = {isa = PBXFileReference; lastKnownFileType = sourcecode.swift; path = WebViewController.swift; sourceTree = "<group>"; };
		168056BD2BB8776100075D91 /* TabBarController.swift */ = {isa = PBXFileReference; lastKnownFileType = sourcecode.swift; path = TabBarController.swift; sourceTree = "<group>"; };
		168799812BAB5ECC00154C8A /* SplashViewController.swift */ = {isa = PBXFileReference; lastKnownFileType = sourcecode.swift; path = SplashViewController.swift; sourceTree = "<group>"; };
		168799832BAB84AB00154C8A /* AuthViewControllerDelegate.swift */ = {isa = PBXFileReference; lastKnownFileType = sourcecode.swift; path = AuthViewControllerDelegate.swift; sourceTree = "<group>"; };
		1688EAB52BBB18A400F7FD92 /* GradientView.swift */ = {isa = PBXFileReference; lastKnownFileType = sourcecode.swift; path = GradientView.swift; sourceTree = "<group>"; };
		169E80A32B7276C700E4C3E8 /* ImageFeed.app */ = {isa = PBXFileReference; explicitFileType = wrapper.application; includeInIndex = 0; path = ImageFeed.app; sourceTree = BUILT_PRODUCTS_DIR; };
		169E80A62B7276C700E4C3E8 /* AppDelegate.swift */ = {isa = PBXFileReference; lastKnownFileType = sourcecode.swift; path = AppDelegate.swift; sourceTree = "<group>"; };
		169E80A82B7276C700E4C3E8 /* SceneDelegate.swift */ = {isa = PBXFileReference; lastKnownFileType = sourcecode.swift; path = SceneDelegate.swift; sourceTree = "<group>"; };
		169E80AA2B7276C700E4C3E8 /* ImagesListViewController.swift */ = {isa = PBXFileReference; lastKnownFileType = sourcecode.swift; path = ImagesListViewController.swift; sourceTree = "<group>"; };
		169E80AF2B7276C900E4C3E8 /* Assets.xcassets */ = {isa = PBXFileReference; lastKnownFileType = folder.assetcatalog; path = Assets.xcassets; sourceTree = "<group>"; };
		169E80B22B7276C900E4C3E8 /* Base */ = {isa = PBXFileReference; lastKnownFileType = file.storyboard; name = Base; path = Base.lproj/LaunchScreen.storyboard; sourceTree = "<group>"; };
		169E80B42B7276C900E4C3E8 /* Info.plist */ = {isa = PBXFileReference; lastKnownFileType = text.plist.xml; path = Info.plist; sourceTree = "<group>"; };
		16A47F632BD2B8A40085D247 /* WebViewControllerProtocol.swift */ = {isa = PBXFileReference; lastKnownFileType = sourcecode.swift; path = WebViewControllerProtocol.swift; sourceTree = "<group>"; };
		16A47F652BD2B8E00085D247 /* WebViewPresenter.swift */ = {isa = PBXFileReference; lastKnownFileType = sourcecode.swift; path = WebViewPresenter.swift; sourceTree = "<group>"; };
		16A47F672BD2B90D0085D247 /* WebViewPresenterProtocol.swift */ = {isa = PBXFileReference; lastKnownFileType = sourcecode.swift; path = WebViewPresenterProtocol.swift; sourceTree = "<group>"; };
		16A47F6A2BD30C930085D247 /* AuthHelper.swift */ = {isa = PBXFileReference; lastKnownFileType = sourcecode.swift; path = AuthHelper.swift; sourceTree = "<group>"; };
		16A47F6C2BD30CA50085D247 /* AuthHelperProtocol.swift */ = {isa = PBXFileReference; lastKnownFileType = sourcecode.swift; path = AuthHelperProtocol.swift; sourceTree = "<group>"; };
		16A47F6E2BD30E910085D247 /* AuthConfiguration.swift */ = {isa = PBXFileReference; lastKnownFileType = sourcecode.swift; path = AuthConfiguration.swift; sourceTree = "<group>"; };
		16A47F782BD45F860085D247 /* ImageFeedTests.xctest */ = {isa = PBXFileReference; explicitFileType = wrapper.cfbundle; includeInIndex = 0; path = ImageFeedTests.xctest; sourceTree = BUILT_PRODUCTS_DIR; };
		16A47F7A2BD45F860085D247 /* WebViewTests.swift */ = {isa = PBXFileReference; lastKnownFileType = sourcecode.swift; path = WebViewTests.swift; sourceTree = "<group>"; };
		16A47F812BD462DF0085D247 /* WebViewPresenterSpy.swift */ = {isa = PBXFileReference; lastKnownFileType = sourcecode.swift; path = WebViewPresenterSpy.swift; sourceTree = "<group>"; };
		16A47F832BD465F10085D247 /* WebViewControllerSpy.swift */ = {isa = PBXFileReference; lastKnownFileType = sourcecode.swift; path = WebViewControllerSpy.swift; sourceTree = "<group>"; };
		16A47F852BD467DB0085D247 /* AuthHelperDummy.swift */ = {isa = PBXFileReference; lastKnownFileType = sourcecode.swift; path = AuthHelperDummy.swift; sourceTree = "<group>"; };
		16A47F892BD46D460085D247 /* AuthHelperFake.swift */ = {isa = PBXFileReference; lastKnownFileType = sourcecode.swift; path = AuthHelperFake.swift; sourceTree = "<group>"; };
		16A560352BA5059C00AD37C8 /* OAuth2TokenStorage.swift */ = {isa = PBXFileReference; lastKnownFileType = sourcecode.swift; path = OAuth2TokenStorage.swift; sourceTree = "<group>"; };
		16AC60B82BB6DAA100CD04FA /* ProfileImageService.swift */ = {isa = PBXFileReference; lastKnownFileType = sourcecode.swift; path = ProfileImageService.swift; sourceTree = "<group>"; };
		16AC60BA2BB6DAD100CD04FA /* UserResult.swift */ = {isa = PBXFileReference; lastKnownFileType = sourcecode.swift; path = UserResult.swift; sourceTree = "<group>"; };
		16AC60BC2BB754AF00CD04FA /* AlertPresenter.swift */ = {isa = PBXFileReference; lastKnownFileType = sourcecode.swift; path = AlertPresenter.swift; sourceTree = "<group>"; };
		16B4CB3C2B9E78C700775EAF /* WebViewControllerDelegate.swift */ = {isa = PBXFileReference; lastKnownFileType = sourcecode.swift; path = WebViewControllerDelegate.swift; sourceTree = "<group>"; };
		16C688AD2BD83D4100DA4D78 /* ProfileTests.swift */ = {isa = PBXFileReference; lastKnownFileType = sourcecode.swift; path = ProfileTests.swift; sourceTree = "<group>"; };
		16C688B02BD83F6000DA4D78 /* ProfileViewControllerSpy.swift */ = {isa = PBXFileReference; lastKnownFileType = sourcecode.swift; path = ProfileViewControllerSpy.swift; sourceTree = "<group>"; };
		16C688B22BD8470500DA4D78 /* ProfileImageServiceProtocol.swift */ = {isa = PBXFileReference; lastKnownFileType = sourcecode.swift; path = ProfileImageServiceProtocol.swift; sourceTree = "<group>"; };
		16C688B42BD8471200DA4D78 /* ProfileServiceProtocol.swift */ = {isa = PBXFileReference; lastKnownFileType = sourcecode.swift; path = ProfileServiceProtocol.swift; sourceTree = "<group>"; };
		16C688B62BD8472400DA4D78 /* ProfileLogoutServiceProtocol.swift */ = {isa = PBXFileReference; lastKnownFileType = sourcecode.swift; path = ProfileLogoutServiceProtocol.swift; sourceTree = "<group>"; };
		16C688B92BD84EEC00DA4D78 /* ProfileImageServiceStub.swift */ = {isa = PBXFileReference; lastKnownFileType = sourcecode.swift; path = ProfileImageServiceStub.swift; sourceTree = "<group>"; };
		16C688BB2BD8502E00DA4D78 /* ProfileServiceStub.swift */ = {isa = PBXFileReference; lastKnownFileType = sourcecode.swift; path = ProfileServiceStub.swift; sourceTree = "<group>"; };
		16C688BE2BD8517100DA4D78 /* ProfileLogoutServiceStub.swift */ = {isa = PBXFileReference; lastKnownFileType = sourcecode.swift; path = ProfileLogoutServiceStub.swift; sourceTree = "<group>"; };
		16C688C12BD872F900DA4D78 /* ProfilePresenterSpy.swift */ = {isa = PBXFileReference; lastKnownFileType = sourcecode.swift; path = ProfilePresenterSpy.swift; sourceTree = "<group>"; };
		16C688C72BD9332600DA4D78 /* ImageFeedUITests.xctest */ = {isa = PBXFileReference; explicitFileType = wrapper.cfbundle; includeInIndex = 0; path = ImageFeedUITests.xctest; sourceTree = BUILT_PRODUCTS_DIR; };
		16C688C92BD9332600DA4D78 /* ImageFeedUITests.swift */ = {isa = PBXFileReference; lastKnownFileType = sourcecode.swift; path = ImageFeedUITests.swift; sourceTree = "<group>"; };
		16C688D22BDA5E9100DA4D78 /* ImagesListServiceProtocol.swift */ = {isa = PBXFileReference; lastKnownFileType = sourcecode.swift; path = ImagesListServiceProtocol.swift; sourceTree = "<group>"; };
		16C688D42BDA60C400DA4D78 /* ImagesListServiceStub.swift */ = {isa = PBXFileReference; lastKnownFileType = sourcecode.swift; path = ImagesListServiceStub.swift; sourceTree = "<group>"; };
		16C688D62BDA6A5100DA4D78 /* ImagesListServiceSpy.swift */ = {isa = PBXFileReference; lastKnownFileType = sourcecode.swift; path = ImagesListServiceSpy.swift; sourceTree = "<group>"; };
		16C688DA2BDA739D00DA4D78 /* ImagesListViewControllerFake.swift */ = {isa = PBXFileReference; lastKnownFileType = sourcecode.swift; path = ImagesListViewControllerFake.swift; sourceTree = "<group>"; };
		16E3FA0A2BC44C8400F07E46 /* ImagesListCellDelegate.swift */ = {isa = PBXFileReference; lastKnownFileType = sourcecode.swift; path = ImagesListCellDelegate.swift; sourceTree = "<group>"; };
		16E3FA0C2BC47DCE00F07E46 /* ProfileLogoutService.swift */ = {isa = PBXFileReference; lastKnownFileType = sourcecode.swift; path = ProfileLogoutService.swift; sourceTree = "<group>"; };
/* End PBXFileReference section */

/* Begin PBXFrameworksBuildPhase section */
		169E80A02B7276C700E4C3E8 /* Frameworks */ = {
			isa = PBXFrameworksBuildPhase;
			buildActionMask = 2147483647;
			files = (
				168056B92BB849DA00075D91 /* Kingfisher in Frameworks */,
				1624453E2BB220DB00991134 /* ProgressHUD in Frameworks */,
				168056BC2BB86FE400075D91 /* SwiftKeychainWrapper in Frameworks */,
			);
			runOnlyForDeploymentPostprocessing = 0;
		};
		16A47F752BD45F860085D247 /* Frameworks */ = {
			isa = PBXFrameworksBuildPhase;
			buildActionMask = 2147483647;
			files = (
			);
			runOnlyForDeploymentPostprocessing = 0;
		};
		16C688C42BD9332600DA4D78 /* Frameworks */ = {
			isa = PBXFrameworksBuildPhase;
			buildActionMask = 2147483647;
			files = (
			);
			runOnlyForDeploymentPostprocessing = 0;
		};
/* End PBXFrameworksBuildPhase section */

/* Begin PBXGroup section */
		16000FA92B810F9700A8458D /* SingleImage */ = {
			isa = PBXGroup;
			children = (
				16000FA72B810C3200A8458D /* SingleImageViewController.swift */,
			);
			path = SingleImage;
			sourceTree = "<group>";
		};
		1602D4492BBF4F40001C3B64 /* Views */ = {
			isa = PBXGroup;
			children = (
				163FC55C2B74ECFF002DA4D6 /* ImagesListCell.swift */,
				1688EAB52BBB18A400F7FD92 /* GradientView.swift */,
			);
			path = Views;
			sourceTree = "<group>";
		};
		1602D44A2BBF4F59001C3B64 /* Services */ = {
			isa = PBXGroup;
			children = (
				1602D44B2BBF4F8E001C3B64 /* ImagesListService.swift */,
				16C688D22BDA5E9100DA4D78 /* ImagesListServiceProtocol.swift */,
			);
			path = Services;
			sourceTree = "<group>";
		};
		1602D44D2BBF4F9E001C3B64 /* Models */ = {
			isa = PBXGroup;
			children = (
				1602D44E2BBF4FB5001C3B64 /* Photo.swift */,
				1602D4502BBF580C001C3B64 /* PhotoResult.swift */,
				1602D4522BBF6496001C3B64 /* PhotoUrls.swift */,
			);
			path = Models;
			sourceTree = "<group>";
		};
		1609F9032BA4EBAD0022AA13 /* Helpers */ = {
			isa = PBXGroup;
			children = (
				16A47F712BD311B60085D247 /* Views */,
				16A47F722BD311C50085D247 /* Storage */,
				16A47F732BD311D10085D247 /* Extensions */,
			);
			path = Helpers;
			sourceTree = "<group>";
		};
		1609F9062BA4F3B50022AA13 /* Services */ = {
			isa = PBXGroup;
			children = (
				16A47F702BD3113A0085D247 /* Protocols */,
				16A47F6A2BD30C930085D247 /* AuthHelper.swift */,
				16A560352BA5059C00AD37C8 /* OAuth2TokenStorage.swift */,
				1609F8FF2BA4DC320022AA13 /* OAuth2Service.swift */,
			);
			path = Services;
			sourceTree = "<group>";
		};
		1609F9072BA4F3E90022AA13 /* Models */ = {
			isa = PBXGroup;
			children = (
				16A47F6E2BD30E910085D247 /* AuthConfiguration.swift */,
				1609F9042BA4F00C0022AA13 /* OAuthTokenResponseBody.swift */,
			);
			path = Models;
			sourceTree = "<group>";
		};
		161876D02BD5231600DC5DB5 /* WebViewTests */ = {
			isa = PBXGroup;
			children = (
				16A47F7A2BD45F860085D247 /* WebViewTests.swift */,
				16A47F812BD462DF0085D247 /* WebViewPresenterSpy.swift */,
				16A47F832BD465F10085D247 /* WebViewControllerSpy.swift */,
				16A47F852BD467DB0085D247 /* AuthHelperDummy.swift */,
				16A47F892BD46D460085D247 /* AuthHelperFake.swift */,
			);
			path = WebViewTests;
			sourceTree = "<group>";
		};
		161876D32BD5239400DC5DB5 /* ImagesListTests */ = {
			isa = PBXGroup;
			children = (
				161876D12BD5238E00DC5DB5 /* ImagesListTests.swift */,
				16C688D82BDA737200DA4D78 /* Spies */,
				16C688D92BDA738400DA4D78 /* Stubs */,
				16C688DA2BDA739D00DA4D78 /* ImagesListViewControllerFake.swift */,
			);
			path = ImagesListTests;
			sourceTree = "<group>";
		};
		161876DA2BD524EE00DC5DB5 /* Protocols */ = {
			isa = PBXGroup;
			children = (
				161876D62BD524BE00DC5DB5 /* ImagesListPresenterProtocol.swift */,
				161876D82BD524D800DC5DB5 /* ImagesListViewControllerProtocol.swift */,
				16E3FA0A2BC44C8400F07E46 /* ImagesListCellDelegate.swift */,
			);
			path = Protocols;
			sourceTree = "<group>";
		};
		161876E92BD6E28400DC5DB5 /* Protocols */ = {
			isa = PBXGroup;
			children = (
				161876E52BD6E25A00DC5DB5 /* ProfileViewControllerProtocol.swift */,
				161876E72BD6E27900DC5DB5 /* ProfilePresenterProtocol.swift */,
			);
			path = Protocols;
			sourceTree = "<group>";
		};
		1628CA232B80DF95001F175C /* Profile */ = {
			isa = PBXGroup;
			children = (
				1628CA212B80DF4F001F175C /* ProfileViewController.swift */,
				161876E32BD6E24A00DC5DB5 /* ProfilePresenter.swift */,
				161876E92BD6E28400DC5DB5 /* Protocols */,
				167163032BB57BFC00D481FB /* Models */,
				167163042BB581EB00D481FB /* Services */,
			);
			path = Profile;
			sourceTree = "<group>";
		};
		163EA6152B76D62B002B65F6 /* Resources */ = {
			isa = PBXGroup;
			children = (
				169E80AF2B7276C900E4C3E8 /* Assets.xcassets */,
				169E80B12B7276C900E4C3E8 /* LaunchScreen.storyboard */,
				169E80B42B7276C900E4C3E8 /* Info.plist */,
			);
			path = Resources;
			sourceTree = "<group>";
		};
		163FC55E2B74ED35002DA4D6 /* ImagesList */ = {
			isa = PBXGroup;
			children = (
				161876D42BD5249E00DC5DB5 /* ImagesListPresenter.swift */,
				169E80AA2B7276C700E4C3E8 /* ImagesListViewController.swift */,
				161876DA2BD524EE00DC5DB5 /* Protocols */,
				1602D4492BBF4F40001C3B64 /* Views */,
				1602D44D2BBF4F9E001C3B64 /* Models */,
				1602D44A2BBF4F59001C3B64 /* Services */,
			);
			path = ImagesList;
			sourceTree = "<group>";
		};
		167163032BB57BFC00D481FB /* Models */ = {
			isa = PBXGroup;
			children = (
				167162FF2BB575D000D481FB /* ProfileResult.swift */,
				167163012BB57BF300D481FB /* Profile.swift */,
				16AC60BA2BB6DAD100CD04FA /* UserResult.swift */,
			);
			path = Models;
			sourceTree = "<group>";
		};
		167163042BB581EB00D481FB /* Services */ = {
			isa = PBXGroup;
			children = (
				16AC60B82BB6DAA100CD04FA /* ProfileImageService.swift */,
				167162FD2BB575BD00D481FB /* ProfileService.swift */,
				16E3FA0C2BC47DCE00F07E46 /* ProfileLogoutService.swift */,
				16C688B82BD8472A00DA4D78 /* Protocols */,
			);
			path = Services;
			sourceTree = "<group>";
		};
		1674D1862B9E2B890063CBEA /* Auth */ = {
			isa = PBXGroup;
			children = (
				168799812BAB5ECC00154C8A /* SplashViewController.swift */,
				168799862BAB85C500154C8A /* AuthView */,
				168799852BAB85B300154C8A /* WebView */,
				1609F9072BA4F3E90022AA13 /* Models */,
				1609F9062BA4F3B50022AA13 /* Services */,
			);
			path = Auth;
			sourceTree = "<group>";
		};
		168799852BAB85B300154C8A /* WebView */ = {
			isa = PBXGroup;
			children = (
				16A47F692BD2BEA60085D247 /* Protocols */,
				1674D1872B9E2C100063CBEA /* WebViewController.swift */,
				16A47F652BD2B8E00085D247 /* WebViewPresenter.swift */,
			);
			path = WebView;
			sourceTree = "<group>";
		};
		168799862BAB85C500154C8A /* AuthView */ = {
			isa = PBXGroup;
			children = (
				1674D1842B9E248A0063CBEA /* AuthViewController.swift */,
				168799832BAB84AB00154C8A /* AuthViewControllerDelegate.swift */,
			);
			path = AuthView;
			sourceTree = "<group>";
		};
		169E809A2B7276C700E4C3E8 = {
			isa = PBXGroup;
			children = (
				169E80A52B7276C700E4C3E8 /* ImageFeed */,
				16A47F792BD45F860085D247 /* ImageFeedTests */,
				16C688C82BD9332600DA4D78 /* ImageFeedUITests */,
				169E80A42B7276C700E4C3E8 /* Products */,
			);
			sourceTree = "<group>";
		};
		169E80A42B7276C700E4C3E8 /* Products */ = {
			isa = PBXGroup;
			children = (
				169E80A32B7276C700E4C3E8 /* ImageFeed.app */,
				16A47F782BD45F860085D247 /* ImageFeedTests.xctest */,
				16C688C72BD9332600DA4D78 /* ImageFeedUITests.xctest */,
			);
			name = Products;
			sourceTree = "<group>";
		};
		169E80A52B7276C700E4C3E8 /* ImageFeed */ = {
			isa = PBXGroup;
			children = (
				169E80A62B7276C700E4C3E8 /* AppDelegate.swift */,
				169E80A82B7276C700E4C3E8 /* SceneDelegate.swift */,
				168056BD2BB8776100075D91 /* TabBarController.swift */,
				1674D1862B9E2B890063CBEA /* Auth */,
				16000FA92B810F9700A8458D /* SingleImage */,
				1628CA232B80DF95001F175C /* Profile */,
				163FC55E2B74ED35002DA4D6 /* ImagesList */,
				1609F9032BA4EBAD0022AA13 /* Helpers */,
				163EA6152B76D62B002B65F6 /* Resources */,
			);
			path = ImageFeed;
			sourceTree = "<group>";
		};
		16A47F692BD2BEA60085D247 /* Protocols */ = {
			isa = PBXGroup;
			children = (
				16B4CB3C2B9E78C700775EAF /* WebViewControllerDelegate.swift */,
				16A47F632BD2B8A40085D247 /* WebViewControllerProtocol.swift */,
				16A47F672BD2B90D0085D247 /* WebViewPresenterProtocol.swift */,
			);
			path = Protocols;
			sourceTree = "<group>";
		};
		16A47F702BD3113A0085D247 /* Protocols */ = {
			isa = PBXGroup;
			children = (
				16A47F6C2BD30CA50085D247 /* AuthHelperProtocol.swift */,
			);
			path = Protocols;
			sourceTree = "<group>";
		};
		16A47F712BD311B60085D247 /* Views */ = {
			isa = PBXGroup;
			children = (
				16AC60BC2BB754AF00CD04FA /* AlertPresenter.swift */,
				160960F42BB390E8004E4973 /* UIBlockingProgressHUD.swift */,
			);
			path = Views;
			sourceTree = "<group>";
		};
		16A47F722BD311C50085D247 /* Storage */ = {
			isa = PBXGroup;
			children = (
				1674D1822B9E10870063CBEA /* Constants.swift */,
			);
			path = Storage;
			sourceTree = "<group>";
		};
		16A47F732BD311D10085D247 /* Extensions */ = {
			isa = PBXGroup;
			children = (
				1609F9012BA4EBA70022AA13 /* URLSession+data.swift */,
			);
			path = Extensions;
			sourceTree = "<group>";
		};
		16A47F792BD45F860085D247 /* ImageFeedTests */ = {
			isa = PBXGroup;
			children = (
				161876D02BD5231600DC5DB5 /* WebViewTests */,
				161876D32BD5239400DC5DB5 /* ImagesListTests */,
				16C688AF2BD83D4900DA4D78 /* ProfileTests */,
			);
			path = ImageFeedTests;
			sourceTree = "<group>";
		};
		16C688AF2BD83D4900DA4D78 /* ProfileTests */ = {
			isa = PBXGroup;
			children = (
				16C688AD2BD83D4100DA4D78 /* ProfileTests.swift */,
				16C688C12BD872F900DA4D78 /* ProfilePresenterSpy.swift */,
				16C688B02BD83F6000DA4D78 /* ProfileViewControllerSpy.swift */,
				16C688C02BD851B600DA4D78 /* Stubs */,
			);
			path = ProfileTests;
			sourceTree = "<group>";
		};
		16C688B82BD8472A00DA4D78 /* Protocols */ = {
			isa = PBXGroup;
			children = (
				16C688B22BD8470500DA4D78 /* ProfileImageServiceProtocol.swift */,
				16C688B42BD8471200DA4D78 /* ProfileServiceProtocol.swift */,
				16C688B62BD8472400DA4D78 /* ProfileLogoutServiceProtocol.swift */,
			);
			path = Protocols;
			sourceTree = "<group>";
		};
		16C688C02BD851B600DA4D78 /* Stubs */ = {
			isa = PBXGroup;
			children = (
				16C688B92BD84EEC00DA4D78 /* ProfileImageServiceStub.swift */,
				16C688BB2BD8502E00DA4D78 /* ProfileServiceStub.swift */,
				16C688BE2BD8517100DA4D78 /* ProfileLogoutServiceStub.swift */,
			);
			path = Stubs;
			sourceTree = "<group>";
		};
		16C688C82BD9332600DA4D78 /* ImageFeedUITests */ = {
			isa = PBXGroup;
			children = (
				16C688C92BD9332600DA4D78 /* ImageFeedUITests.swift */,
			);
			path = ImageFeedUITests;
			sourceTree = "<group>";
		};
		16C688D82BDA737200DA4D78 /* Spies */ = {
			isa = PBXGroup;
			children = (
				161876DB2BD6716000DC5DB5 /* ImagesListPresenterSpy.swift */,
				161876DF2BD6C10300DC5DB5 /* ImagesListViewControllerSpy.swift */,
				16C688D62BDA6A5100DA4D78 /* ImagesListServiceSpy.swift */,
			);
			path = Spies;
			sourceTree = "<group>";
		};
		16C688D92BDA738400DA4D78 /* Stubs */ = {
			isa = PBXGroup;
			children = (
				161876E12BD6CC5B00DC5DB5 /* ImagesListPresenterStub.swift */,
				16C688D42BDA60C400DA4D78 /* ImagesListServiceStub.swift */,
			);
			path = Stubs;
			sourceTree = "<group>";
		};
/* End PBXGroup section */

/* Begin PBXNativeTarget section */
		169E80A22B7276C700E4C3E8 /* ImageFeed */ = {
			isa = PBXNativeTarget;
			buildConfigurationList = 169E80B72B7276C900E4C3E8 /* Build configuration list for PBXNativeTarget "ImageFeed" */;
			buildPhases = (
				169E809F2B7276C700E4C3E8 /* Sources */,
				169E80A02B7276C700E4C3E8 /* Frameworks */,
				169E80A12B7276C700E4C3E8 /* Resources */,
			);
			buildRules = (
			);
			dependencies = (
			);
			name = ImageFeed;
			packageProductDependencies = (
				1624453D2BB220DB00991134 /* ProgressHUD */,
				168056B82BB849DA00075D91 /* Kingfisher */,
				168056BB2BB86FE400075D91 /* SwiftKeychainWrapper */,
			);
			productName = ImageFeed;
			productReference = 169E80A32B7276C700E4C3E8 /* ImageFeed.app */;
			productType = "com.apple.product-type.application";
		};
		16A47F772BD45F860085D247 /* ImageFeedTests */ = {
			isa = PBXNativeTarget;
			buildConfigurationList = 16A47F802BD45F860085D247 /* Build configuration list for PBXNativeTarget "ImageFeedTests" */;
			buildPhases = (
				16A47F742BD45F860085D247 /* Sources */,
				16A47F752BD45F860085D247 /* Frameworks */,
				16A47F762BD45F860085D247 /* Resources */,
			);
			buildRules = (
			);
			dependencies = (
				16A47F7D2BD45F860085D247 /* PBXTargetDependency */,
			);
			name = ImageFeedTests;
			productName = ImageFeedTests;
			productReference = 16A47F782BD45F860085D247 /* ImageFeedTests.xctest */;
			productType = "com.apple.product-type.bundle.unit-test";
		};
		16C688C62BD9332600DA4D78 /* ImageFeedUITests */ = {
			isa = PBXNativeTarget;
			buildConfigurationList = 16C688D12BD9332600DA4D78 /* Build configuration list for PBXNativeTarget "ImageFeedUITests" */;
			buildPhases = (
				16C688C32BD9332600DA4D78 /* Sources */,
				16C688C42BD9332600DA4D78 /* Frameworks */,
				16C688C52BD9332600DA4D78 /* Resources */,
			);
			buildRules = (
			);
			dependencies = (
				16C688CE2BD9332600DA4D78 /* PBXTargetDependency */,
			);
			name = ImageFeedUITests;
			productName = ImageFeedUITests;
			productReference = 16C688C72BD9332600DA4D78 /* ImageFeedUITests.xctest */;
			productType = "com.apple.product-type.bundle.ui-testing";
		};
/* End PBXNativeTarget section */

/* Begin PBXProject section */
		169E809B2B7276C700E4C3E8 /* Project object */ = {
			isa = PBXProject;
			attributes = {
				BuildIndependentTargetsInParallel = 1;
				LastSwiftUpdateCheck = 1530;
				LastUpgradeCheck = 1500;
				TargetAttributes = {
					169E80A22B7276C700E4C3E8 = {
						CreatedOnToolsVersion = 15.0.1;
					};
					16A47F772BD45F860085D247 = {
						CreatedOnToolsVersion = 15.3;
						TestTargetID = 169E80A22B7276C700E4C3E8;
					};
					16C688C62BD9332600DA4D78 = {
						CreatedOnToolsVersion = 15.3;
						TestTargetID = 169E80A22B7276C700E4C3E8;
					};
				};
			};
			buildConfigurationList = 169E809E2B7276C700E4C3E8 /* Build configuration list for PBXProject "ImageFeed" */;
			compatibilityVersion = "Xcode 14.0";
			developmentRegion = en;
			hasScannedForEncodings = 0;
			knownRegions = (
				en,
				Base,
			);
			mainGroup = 169E809A2B7276C700E4C3E8;
			packageReferences = (
				1624453C2BB220DB00991134 /* XCRemoteSwiftPackageReference "ProgressHUD" */,
				168056B72BB849DA00075D91 /* XCRemoteSwiftPackageReference "Kingfisher" */,
				168056BA2BB86FE400075D91 /* XCRemoteSwiftPackageReference "SwiftKeychainWrapper" */,
			);
			productRefGroup = 169E80A42B7276C700E4C3E8 /* Products */;
			projectDirPath = "";
			projectRoot = "";
			targets = (
				169E80A22B7276C700E4C3E8 /* ImageFeed */,
				16A47F772BD45F860085D247 /* ImageFeedTests */,
				16C688C62BD9332600DA4D78 /* ImageFeedUITests */,
			);
		};
/* End PBXProject section */

/* Begin PBXResourcesBuildPhase section */
		169E80A12B7276C700E4C3E8 /* Resources */ = {
			isa = PBXResourcesBuildPhase;
			buildActionMask = 2147483647;
			files = (
				169E80B32B7276C900E4C3E8 /* LaunchScreen.storyboard in Resources */,
				169E80B02B7276C900E4C3E8 /* Assets.xcassets in Resources */,
			);
			runOnlyForDeploymentPostprocessing = 0;
		};
		16A47F762BD45F860085D247 /* Resources */ = {
			isa = PBXResourcesBuildPhase;
			buildActionMask = 2147483647;
			files = (
			);
			runOnlyForDeploymentPostprocessing = 0;
		};
		16C688C52BD9332600DA4D78 /* Resources */ = {
			isa = PBXResourcesBuildPhase;
			buildActionMask = 2147483647;
			files = (
			);
			runOnlyForDeploymentPostprocessing = 0;
		};
/* End PBXResourcesBuildPhase section */

/* Begin PBXSourcesBuildPhase section */
		169E809F2B7276C700E4C3E8 /* Sources */ = {
			isa = PBXSourcesBuildPhase;
			buildActionMask = 2147483647;
			files = (
				169E80AB2B7276C700E4C3E8 /* ImagesListViewController.swift in Sources */,
				167163022BB57BF300D481FB /* Profile.swift in Sources */,
				16E3FA0D2BC47DCE00F07E46 /* ProfileLogoutService.swift in Sources */,
				1674D1882B9E2C100063CBEA /* WebViewController.swift in Sources */,
				161876D92BD524D800DC5DB5 /* ImagesListViewControllerProtocol.swift in Sources */,
				1602D44F2BBF4FB5001C3B64 /* Photo.swift in Sources */,
				167163002BB575D000D481FB /* ProfileResult.swift in Sources */,
				16B4CB3D2B9E78C700775EAF /* WebViewControllerDelegate.swift in Sources */,
				163FC55D2B74ECFF002DA4D6 /* ImagesListCell.swift in Sources */,
				1628CA222B80DF4F001F175C /* ProfileViewController.swift in Sources */,
				16A47F642BD2B8A40085D247 /* WebViewControllerProtocol.swift in Sources */,
				16A47F662BD2B8E00085D247 /* WebViewPresenter.swift in Sources */,
				16C688D32BDA5E9100DA4D78 /* ImagesListServiceProtocol.swift in Sources */,
				16A47F6D2BD30CA50085D247 /* AuthHelperProtocol.swift in Sources */,
				161876D52BD5249E00DC5DB5 /* ImagesListPresenter.swift in Sources */,
				161876E42BD6E24A00DC5DB5 /* ProfilePresenter.swift in Sources */,
				1609F9052BA4F00C0022AA13 /* OAuthTokenResponseBody.swift in Sources */,
				161876E82BD6E27900DC5DB5 /* ProfilePresenterProtocol.swift in Sources */,
				16A47F6F2BD30E910085D247 /* AuthConfiguration.swift in Sources */,
				16A47F6B2BD30C930085D247 /* AuthHelper.swift in Sources */,
				16A47F682BD2B90D0085D247 /* WebViewPresenterProtocol.swift in Sources */,
				1602D4512BBF580C001C3B64 /* PhotoResult.swift in Sources */,
				16C688B32BD8470500DA4D78 /* ProfileImageServiceProtocol.swift in Sources */,
				16A560362BA5059C00AD37C8 /* OAuth2TokenStorage.swift in Sources */,
				168056BE2BB8776100075D91 /* TabBarController.swift in Sources */,
				1609F9002BA4DC320022AA13 /* OAuth2Service.swift in Sources */,
				169E80A72B7276C700E4C3E8 /* AppDelegate.swift in Sources */,
				16AC60BB2BB6DAD200CD04FA /* UserResult.swift in Sources */,
				168799822BAB5ECC00154C8A /* SplashViewController.swift in Sources */,
				1674D1852B9E248A0063CBEA /* AuthViewController.swift in Sources */,
				167162FE2BB575BD00D481FB /* ProfileService.swift in Sources */,
				16AC60BD2BB754AF00CD04FA /* AlertPresenter.swift in Sources */,
				1609F9022BA4EBA70022AA13 /* URLSession+data.swift in Sources */,
				161876D72BD524BE00DC5DB5 /* ImagesListPresenterProtocol.swift in Sources */,
				1602D4532BBF6496001C3B64 /* PhotoUrls.swift in Sources */,
				16AC60B92BB6DAA100CD04FA /* ProfileImageService.swift in Sources */,
				1674D1832B9E10870063CBEA /* Constants.swift in Sources */,
				16000FA82B810C3200A8458D /* SingleImageViewController.swift in Sources */,
				168799842BAB84AB00154C8A /* AuthViewControllerDelegate.swift in Sources */,
				161876E62BD6E25A00DC5DB5 /* ProfileViewControllerProtocol.swift in Sources */,
				1688EAB62BBB18A400F7FD92 /* GradientView.swift in Sources */,
				16E3FA0B2BC44C8400F07E46 /* ImagesListCellDelegate.swift in Sources */,
				16C688B72BD8472400DA4D78 /* ProfileLogoutServiceProtocol.swift in Sources */,
				160960F52BB390E8004E4973 /* UIBlockingProgressHUD.swift in Sources */,
				169E80A92B7276C700E4C3E8 /* SceneDelegate.swift in Sources */,
				16C688B52BD8471200DA4D78 /* ProfileServiceProtocol.swift in Sources */,
				1602D44C2BBF4F8E001C3B64 /* ImagesListService.swift in Sources */,
			);
			runOnlyForDeploymentPostprocessing = 0;
		};
		16A47F742BD45F860085D247 /* Sources */ = {
			isa = PBXSourcesBuildPhase;
			buildActionMask = 2147483647;
			files = (
				16A47F8A2BD46D460085D247 /* AuthHelperFake.swift in Sources */,
				16C688BF2BD8517100DA4D78 /* ProfileLogoutServiceStub.swift in Sources */,
				16C688B12BD83F6000DA4D78 /* ProfileViewControllerSpy.swift in Sources */,
				161876DC2BD6716000DC5DB5 /* ImagesListPresenterSpy.swift in Sources */,
				16C688BC2BD8502E00DA4D78 /* ProfileServiceStub.swift in Sources */,
				16A47F7B2BD45F860085D247 /* WebViewTests.swift in Sources */,
				161876E02BD6C10300DC5DB5 /* ImagesListViewControllerSpy.swift in Sources */,
				16C688D72BDA6A5100DA4D78 /* ImagesListServiceSpy.swift in Sources */,
				16C688D52BDA60C400DA4D78 /* ImagesListServiceStub.swift in Sources */,
				16A47F842BD465F10085D247 /* WebViewControllerSpy.swift in Sources */,
				16C688C22BD872F900DA4D78 /* ProfilePresenterSpy.swift in Sources */,
				161876D22BD5238E00DC5DB5 /* ImagesListTests.swift in Sources */,
				161876E22BD6CC5B00DC5DB5 /* ImagesListPresenterStub.swift in Sources */,
				16A47F862BD467DB0085D247 /* AuthHelperDummy.swift in Sources */,
				16C688DB2BDA739D00DA4D78 /* ImagesListViewControllerFake.swift in Sources */,
				16A47F822BD462DF0085D247 /* WebViewPresenterSpy.swift in Sources */,
				16C688AE2BD83D4100DA4D78 /* ProfileTests.swift in Sources */,
				16C688BA2BD84EEC00DA4D78 /* ProfileImageServiceStub.swift in Sources */,
			);
			runOnlyForDeploymentPostprocessing = 0;
		};
		16C688C32BD9332600DA4D78 /* Sources */ = {
			isa = PBXSourcesBuildPhase;
			buildActionMask = 2147483647;
			files = (
				16C688CA2BD9332600DA4D78 /* ImageFeedUITests.swift in Sources */,
			);
			runOnlyForDeploymentPostprocessing = 0;
		};
/* End PBXSourcesBuildPhase section */

/* Begin PBXTargetDependency section */
		16A47F7D2BD45F860085D247 /* PBXTargetDependency */ = {
			isa = PBXTargetDependency;
			target = 169E80A22B7276C700E4C3E8 /* ImageFeed */;
			targetProxy = 16A47F7C2BD45F860085D247 /* PBXContainerItemProxy */;
		};
		16C688CE2BD9332600DA4D78 /* PBXTargetDependency */ = {
			isa = PBXTargetDependency;
			target = 169E80A22B7276C700E4C3E8 /* ImageFeed */;
			targetProxy = 16C688CD2BD9332600DA4D78 /* PBXContainerItemProxy */;
		};
/* End PBXTargetDependency section */

/* Begin PBXVariantGroup section */
		169E80B12B7276C900E4C3E8 /* LaunchScreen.storyboard */ = {
			isa = PBXVariantGroup;
			children = (
				169E80B22B7276C900E4C3E8 /* Base */,
			);
			name = LaunchScreen.storyboard;
			sourceTree = "<group>";
		};
/* End PBXVariantGroup section */

/* Begin XCBuildConfiguration section */
		169E80B52B7276C900E4C3E8 /* Debug */ = {
			isa = XCBuildConfiguration;
			buildSettings = {
				ALWAYS_SEARCH_USER_PATHS = NO;
				ASSETCATALOG_COMPILER_GENERATE_SWIFT_ASSET_SYMBOL_EXTENSIONS = YES;
				CLANG_ANALYZER_NONNULL = YES;
				CLANG_ANALYZER_NUMBER_OBJECT_CONVERSION = YES_AGGRESSIVE;
				CLANG_CXX_LANGUAGE_STANDARD = "gnu++20";
				CLANG_ENABLE_MODULES = YES;
				CLANG_ENABLE_OBJC_ARC = YES;
				CLANG_ENABLE_OBJC_WEAK = YES;
				CLANG_WARN_BLOCK_CAPTURE_AUTORELEASING = YES;
				CLANG_WARN_BOOL_CONVERSION = YES;
				CLANG_WARN_COMMA = YES;
				CLANG_WARN_CONSTANT_CONVERSION = YES;
				CLANG_WARN_DEPRECATED_OBJC_IMPLEMENTATIONS = YES;
				CLANG_WARN_DIRECT_OBJC_ISA_USAGE = YES_ERROR;
				CLANG_WARN_DOCUMENTATION_COMMENTS = YES;
				CLANG_WARN_EMPTY_BODY = YES;
				CLANG_WARN_ENUM_CONVERSION = YES;
				CLANG_WARN_INFINITE_RECURSION = YES;
				CLANG_WARN_INT_CONVERSION = YES;
				CLANG_WARN_NON_LITERAL_NULL_CONVERSION = YES;
				CLANG_WARN_OBJC_IMPLICIT_RETAIN_SELF = YES;
				CLANG_WARN_OBJC_LITERAL_CONVERSION = YES;
				CLANG_WARN_OBJC_ROOT_CLASS = YES_ERROR;
				CLANG_WARN_QUOTED_INCLUDE_IN_FRAMEWORK_HEADER = YES;
				CLANG_WARN_RANGE_LOOP_ANALYSIS = YES;
				CLANG_WARN_STRICT_PROTOTYPES = YES;
				CLANG_WARN_SUSPICIOUS_MOVE = YES;
				CLANG_WARN_UNGUARDED_AVAILABILITY = YES_AGGRESSIVE;
				CLANG_WARN_UNREACHABLE_CODE = YES;
				CLANG_WARN__DUPLICATE_METHOD_MATCH = YES;
				COPY_PHASE_STRIP = NO;
				DEBUG_INFORMATION_FORMAT = dwarf;
				ENABLE_STRICT_OBJC_MSGSEND = YES;
				ENABLE_TESTABILITY = YES;
				ENABLE_USER_SCRIPT_SANDBOXING = YES;
				GCC_C_LANGUAGE_STANDARD = gnu17;
				GCC_DYNAMIC_NO_PIC = NO;
				GCC_NO_COMMON_BLOCKS = YES;
				GCC_OPTIMIZATION_LEVEL = 0;
				GCC_PREPROCESSOR_DEFINITIONS = (
					"DEBUG=1",
					"$(inherited)",
				);
				GCC_WARN_64_TO_32_BIT_CONVERSION = YES;
				GCC_WARN_ABOUT_RETURN_TYPE = YES_ERROR;
				GCC_WARN_UNDECLARED_SELECTOR = YES;
				GCC_WARN_UNINITIALIZED_AUTOS = YES_AGGRESSIVE;
				GCC_WARN_UNUSED_FUNCTION = YES;
				GCC_WARN_UNUSED_VARIABLE = YES;
				IPHONEOS_DEPLOYMENT_TARGET = 17.0;
				LOCALIZATION_PREFERS_STRING_CATALOGS = YES;
				MTL_ENABLE_DEBUG_INFO = INCLUDE_SOURCE;
				MTL_FAST_MATH = YES;
				ONLY_ACTIVE_ARCH = YES;
				SDKROOT = iphoneos;
				SWIFT_ACTIVE_COMPILATION_CONDITIONS = "DEBUG $(inherited)";
				SWIFT_OPTIMIZATION_LEVEL = "-Onone";
			};
			name = Debug;
		};
		169E80B62B7276C900E4C3E8 /* Release */ = {
			isa = XCBuildConfiguration;
			buildSettings = {
				ALWAYS_SEARCH_USER_PATHS = NO;
				ASSETCATALOG_COMPILER_GENERATE_SWIFT_ASSET_SYMBOL_EXTENSIONS = YES;
				CLANG_ANALYZER_NONNULL = YES;
				CLANG_ANALYZER_NUMBER_OBJECT_CONVERSION = YES_AGGRESSIVE;
				CLANG_CXX_LANGUAGE_STANDARD = "gnu++20";
				CLANG_ENABLE_MODULES = YES;
				CLANG_ENABLE_OBJC_ARC = YES;
				CLANG_ENABLE_OBJC_WEAK = YES;
				CLANG_WARN_BLOCK_CAPTURE_AUTORELEASING = YES;
				CLANG_WARN_BOOL_CONVERSION = YES;
				CLANG_WARN_COMMA = YES;
				CLANG_WARN_CONSTANT_CONVERSION = YES;
				CLANG_WARN_DEPRECATED_OBJC_IMPLEMENTATIONS = YES;
				CLANG_WARN_DIRECT_OBJC_ISA_USAGE = YES_ERROR;
				CLANG_WARN_DOCUMENTATION_COMMENTS = YES;
				CLANG_WARN_EMPTY_BODY = YES;
				CLANG_WARN_ENUM_CONVERSION = YES;
				CLANG_WARN_INFINITE_RECURSION = YES;
				CLANG_WARN_INT_CONVERSION = YES;
				CLANG_WARN_NON_LITERAL_NULL_CONVERSION = YES;
				CLANG_WARN_OBJC_IMPLICIT_RETAIN_SELF = YES;
				CLANG_WARN_OBJC_LITERAL_CONVERSION = YES;
				CLANG_WARN_OBJC_ROOT_CLASS = YES_ERROR;
				CLANG_WARN_QUOTED_INCLUDE_IN_FRAMEWORK_HEADER = YES;
				CLANG_WARN_RANGE_LOOP_ANALYSIS = YES;
				CLANG_WARN_STRICT_PROTOTYPES = YES;
				CLANG_WARN_SUSPICIOUS_MOVE = YES;
				CLANG_WARN_UNGUARDED_AVAILABILITY = YES_AGGRESSIVE;
				CLANG_WARN_UNREACHABLE_CODE = YES;
				CLANG_WARN__DUPLICATE_METHOD_MATCH = YES;
				COPY_PHASE_STRIP = NO;
				DEBUG_INFORMATION_FORMAT = "dwarf-with-dsym";
				ENABLE_NS_ASSERTIONS = NO;
				ENABLE_STRICT_OBJC_MSGSEND = YES;
				ENABLE_USER_SCRIPT_SANDBOXING = YES;
				GCC_C_LANGUAGE_STANDARD = gnu17;
				GCC_NO_COMMON_BLOCKS = YES;
				GCC_WARN_64_TO_32_BIT_CONVERSION = YES;
				GCC_WARN_ABOUT_RETURN_TYPE = YES_ERROR;
				GCC_WARN_UNDECLARED_SELECTOR = YES;
				GCC_WARN_UNINITIALIZED_AUTOS = YES_AGGRESSIVE;
				GCC_WARN_UNUSED_FUNCTION = YES;
				GCC_WARN_UNUSED_VARIABLE = YES;
				IPHONEOS_DEPLOYMENT_TARGET = 17.0;
				LOCALIZATION_PREFERS_STRING_CATALOGS = YES;
				MTL_ENABLE_DEBUG_INFO = NO;
				MTL_FAST_MATH = YES;
				SDKROOT = iphoneos;
				SWIFT_COMPILATION_MODE = wholemodule;
				VALIDATE_PRODUCT = YES;
			};
			name = Release;
		};
		169E80B82B7276C900E4C3E8 /* Debug */ = {
			isa = XCBuildConfiguration;
			buildSettings = {
				ASSETCATALOG_COMPILER_APPICON_NAME = AppIcon;
				ASSETCATALOG_COMPILER_GLOBAL_ACCENT_COLOR_NAME = AccentColor;
				CODE_SIGN_STYLE = Automatic;
				CURRENT_PROJECT_VERSION = 1;
				DEVELOPMENT_TEAM = KD22N7R738;
				GENERATE_INFOPLIST_FILE = YES;
				INFOPLIST_FILE = ImageFeed/Resources/Info.plist;
				INFOPLIST_KEY_UIApplicationSupportsIndirectInputEvents = YES;
				INFOPLIST_KEY_UILaunchStoryboardName = LaunchScreen;
				INFOPLIST_KEY_UISupportedInterfaceOrientations = UIInterfaceOrientationPortrait;
				IPHONEOS_DEPLOYMENT_TARGET = 13.0;
				LD_RUNPATH_SEARCH_PATHS = (
					"$(inherited)",
					"@executable_path/Frameworks",
				);
				MARKETING_VERSION = 1.0;
				PRODUCT_BUNDLE_IDENTIFIER = ru.AlexanderPleshakov.ImageFeed;
				PRODUCT_NAME = "$(TARGET_NAME)";
				SUPPORTED_PLATFORMS = "iphoneos iphonesimulator";
				SUPPORTS_MACCATALYST = NO;
				SWIFT_EMIT_LOC_STRINGS = YES;
				SWIFT_VERSION = 5.0;
				TARGETED_DEVICE_FAMILY = 1;
			};
			name = Debug;
		};
		169E80B92B7276C900E4C3E8 /* Release */ = {
			isa = XCBuildConfiguration;
			buildSettings = {
				ASSETCATALOG_COMPILER_APPICON_NAME = AppIcon;
				ASSETCATALOG_COMPILER_GLOBAL_ACCENT_COLOR_NAME = AccentColor;
				CODE_SIGN_STYLE = Automatic;
				CURRENT_PROJECT_VERSION = 1;
				DEVELOPMENT_TEAM = KD22N7R738;
				GENERATE_INFOPLIST_FILE = YES;
				INFOPLIST_FILE = ImageFeed/Resources/Info.plist;
				INFOPLIST_KEY_UIApplicationSupportsIndirectInputEvents = YES;
				INFOPLIST_KEY_UILaunchStoryboardName = LaunchScreen;
				INFOPLIST_KEY_UISupportedInterfaceOrientations = UIInterfaceOrientationPortrait;
				IPHONEOS_DEPLOYMENT_TARGET = 13.0;
				LD_RUNPATH_SEARCH_PATHS = (
					"$(inherited)",
					"@executable_path/Frameworks",
				);
				MARKETING_VERSION = 1.0;
				PRODUCT_BUNDLE_IDENTIFIER = ru.AlexanderPleshakov.ImageFeed;
				PRODUCT_NAME = "$(TARGET_NAME)";
				SUPPORTED_PLATFORMS = "iphoneos iphonesimulator";
				SUPPORTS_MACCATALYST = NO;
				SWIFT_EMIT_LOC_STRINGS = YES;
				SWIFT_VERSION = 5.0;
				TARGETED_DEVICE_FAMILY = 1;
			};
			name = Release;
		};
		16A47F7E2BD45F860085D247 /* Debug */ = {
			isa = XCBuildConfiguration;
			buildSettings = {
				BUNDLE_LOADER = "$(TEST_HOST)";
				CODE_SIGN_STYLE = Automatic;
				CURRENT_PROJECT_VERSION = 1;
				DEVELOPMENT_TEAM = KD22N7R738;
				GENERATE_INFOPLIST_FILE = YES;
				IPHONEOS_DEPLOYMENT_TARGET = 17.4;
				MARKETING_VERSION = 1.0;
				PRODUCT_BUNDLE_IDENTIFIER = ru.AlexanderPleshakov.ImageFeedTests;
				PRODUCT_NAME = "$(TARGET_NAME)";
				SWIFT_EMIT_LOC_STRINGS = NO;
				SWIFT_VERSION = 5.0;
				TARGETED_DEVICE_FAMILY = "1,2";
				TEST_HOST = "$(BUILT_PRODUCTS_DIR)/ImageFeed.app/$(BUNDLE_EXECUTABLE_FOLDER_PATH)/ImageFeed";
			};
			name = Debug;
		};
		16A47F7F2BD45F860085D247 /* Release */ = {
			isa = XCBuildConfiguration;
			buildSettings = {
				BUNDLE_LOADER = "$(TEST_HOST)";
				CODE_SIGN_STYLE = Automatic;
				CURRENT_PROJECT_VERSION = 1;
				DEVELOPMENT_TEAM = KD22N7R738;
				GENERATE_INFOPLIST_FILE = YES;
				IPHONEOS_DEPLOYMENT_TARGET = 17.4;
				MARKETING_VERSION = 1.0;
				PRODUCT_BUNDLE_IDENTIFIER = ru.AlexanderPleshakov.ImageFeedTests;
				PRODUCT_NAME = "$(TARGET_NAME)";
				SWIFT_EMIT_LOC_STRINGS = NO;
				SWIFT_VERSION = 5.0;
				TARGETED_DEVICE_FAMILY = "1,2";
				TEST_HOST = "$(BUILT_PRODUCTS_DIR)/ImageFeed.app/$(BUNDLE_EXECUTABLE_FOLDER_PATH)/ImageFeed";
			};
			name = Release;
		};
		16C688CF2BD9332600DA4D78 /* Debug */ = {
			isa = XCBuildConfiguration;
			buildSettings = {
				CODE_SIGN_STYLE = Automatic;
				CURRENT_PROJECT_VERSION = 1;
				DEVELOPMENT_TEAM = KD22N7R738;
				GENERATE_INFOPLIST_FILE = YES;
				IPHONEOS_DEPLOYMENT_TARGET = 17.4;
				MARKETING_VERSION = 1.0;
				PRODUCT_BUNDLE_IDENTIFIER = ru.AlexanderPleshakov.ImageFeedUITests;
				PRODUCT_NAME = "$(TARGET_NAME)";
				SWIFT_EMIT_LOC_STRINGS = NO;
				SWIFT_VERSION = 5.0;
				TARGETED_DEVICE_FAMILY = "1,2";
				TEST_TARGET_NAME = ImageFeed;
			};
			name = Debug;
		};
		16C688D02BD9332600DA4D78 /* Release */ = {
			isa = XCBuildConfiguration;
			buildSettings = {
				CODE_SIGN_STYLE = Automatic;
				CURRENT_PROJECT_VERSION = 1;
				DEVELOPMENT_TEAM = KD22N7R738;
				GENERATE_INFOPLIST_FILE = YES;
				IPHONEOS_DEPLOYMENT_TARGET = 17.4;
				MARKETING_VERSION = 1.0;
				PRODUCT_BUNDLE_IDENTIFIER = ru.AlexanderPleshakov.ImageFeedUITests;
				PRODUCT_NAME = "$(TARGET_NAME)";
				SWIFT_EMIT_LOC_STRINGS = NO;
				SWIFT_VERSION = 5.0;
				TARGETED_DEVICE_FAMILY = "1,2";
				TEST_TARGET_NAME = ImageFeed;
			};
			name = Release;
		};
/* End XCBuildConfiguration section */

/* Begin XCConfigurationList section */
		169E809E2B7276C700E4C3E8 /* Build configuration list for PBXProject "ImageFeed" */ = {
			isa = XCConfigurationList;
			buildConfigurations = (
				169E80B52B7276C900E4C3E8 /* Debug */,
				169E80B62B7276C900E4C3E8 /* Release */,
			);
			defaultConfigurationIsVisible = 0;
			defaultConfigurationName = Release;
		};
		169E80B72B7276C900E4C3E8 /* Build configuration list for PBXNativeTarget "ImageFeed" */ = {
			isa = XCConfigurationList;
			buildConfigurations = (
				169E80B82B7276C900E4C3E8 /* Debug */,
				169E80B92B7276C900E4C3E8 /* Release */,
			);
			defaultConfigurationIsVisible = 0;
			defaultConfigurationName = Release;
		};
		16A47F802BD45F860085D247 /* Build configuration list for PBXNativeTarget "ImageFeedTests" */ = {
			isa = XCConfigurationList;
			buildConfigurations = (
				16A47F7E2BD45F860085D247 /* Debug */,
				16A47F7F2BD45F860085D247 /* Release */,
			);
			defaultConfigurationIsVisible = 0;
			defaultConfigurationName = Release;
		};
		16C688D12BD9332600DA4D78 /* Build configuration list for PBXNativeTarget "ImageFeedUITests" */ = {
			isa = XCConfigurationList;
			buildConfigurations = (
				16C688CF2BD9332600DA4D78 /* Debug */,
				16C688D02BD9332600DA4D78 /* Release */,
			);
			defaultConfigurationIsVisible = 0;
			defaultConfigurationName = Release;
		};
/* End XCConfigurationList section */

/* Begin XCRemoteSwiftPackageReference section */
		1624453C2BB220DB00991134 /* XCRemoteSwiftPackageReference "ProgressHUD" */ = {
			isa = XCRemoteSwiftPackageReference;
			repositoryURL = "https://github.com/relatedcode/ProgressHUD";
			requirement = {
				kind = upToNextMajorVersion;
				minimumVersion = 14.1.1;
			};
		};
		168056B72BB849DA00075D91 /* XCRemoteSwiftPackageReference "Kingfisher" */ = {
			isa = XCRemoteSwiftPackageReference;
			repositoryURL = "https://github.com/onevcat/Kingfisher.git";
			requirement = {
				kind = upToNextMajorVersion;
				minimumVersion = 7.11.0;
			};
		};
		168056BA2BB86FE400075D91 /* XCRemoteSwiftPackageReference "SwiftKeychainWrapper" */ = {
			isa = XCRemoteSwiftPackageReference;
			repositoryURL = "https://github.com/jrendel/SwiftKeychainWrapper";
			requirement = {
				kind = upToNextMajorVersion;
				minimumVersion = 4.0.1;
			};
		};
/* End XCRemoteSwiftPackageReference section */

/* Begin XCSwiftPackageProductDependency section */
		1624453D2BB220DB00991134 /* ProgressHUD */ = {
			isa = XCSwiftPackageProductDependency;
			package = 1624453C2BB220DB00991134 /* XCRemoteSwiftPackageReference "ProgressHUD" */;
			productName = ProgressHUD;
		};
		168056B82BB849DA00075D91 /* Kingfisher */ = {
			isa = XCSwiftPackageProductDependency;
			package = 168056B72BB849DA00075D91 /* XCRemoteSwiftPackageReference "Kingfisher" */;
			productName = Kingfisher;
		};
		168056BB2BB86FE400075D91 /* SwiftKeychainWrapper */ = {
			isa = XCSwiftPackageProductDependency;
			package = 168056BA2BB86FE400075D91 /* XCRemoteSwiftPackageReference "SwiftKeychainWrapper" */;
			productName = SwiftKeychainWrapper;
		};
/* End XCSwiftPackageProductDependency section */
	};
	rootObject = 169E809B2B7276C700E4C3E8 /* Project object */;
}
